
Microsoft Visual Studio Solution File, Format Version 12.00
# Visual Studio 2012
Project("{FAE04EC0-301F-11D3-BF4B-00C04F79EFBC}") = "01.Greeting", "01.Greeting\01.Greeting.csproj", "{DBCA6BB5-D1E1-4340-B976-D9CFBD2168E1}"
EndProject
Project("{FAE04EC0-301F-11D3-BF4B-00C04F79EFBC}") = "02.GetBiggerNumber", "02.GetBiggerNumber\02.GetBiggerNumber.csproj", "{E7E311DE-7CA9-4CFB-9455-F7488A6F38D6}"
EndProject
Project("{FAE04EC0-301F-11D3-BF4B-00C04F79EFBC}") = "03.LastDigitAsEnglishWord", "03.LastDigitAsEnglishWord\03.LastDigitAsEnglishWord.csproj", "{B91E8BBE-C8ED-4018-AD8A-C957F0347560}"
EndProject
Project("{FAE04EC0-301F-11D3-BF4B-00C04F79EFBC}") = "04.CountGivenNumberInArray", "04.CountGivenNumberInArray\04.CountGivenNumberInArray.csproj", "{0F746663-1F11-48CF-ABAE-818E84C6DB5A}"
EndProject
Project("{FAE04EC0-301F-11D3-BF4B-00C04F79EFBC}") = "05.CheckTwoNeightboorsInArray", "05.CheckTwoNeightboorsInArray\05.CheckTwoNeightboorsInArray.csproj", "{392678F0-5DFD-49C9-B98E-AA748212AE45}"
EndProject
Project("{FAE04EC0-301F-11D3-BF4B-00C04F79EFBC}") = "06.ReturnIndex", "06.ReturnIndex\06.ReturnIndex.csproj", "{06054917-5693-47C5-BBCD-87928F0AE3D3}"
EndProject
Project("{FAE04EC0-301F-11D3-BF4B-00C04F79EFBC}") = "07.ReverseDigitsOfANumber", "07.ReverseDigitsOfANumber\07.ReverseDigitsOfANumber.csproj", "{0F083B91-F810-4950-AC68-24BD8A7F7DEF}"
EndProject
Project("{FAE04EC0-301F-11D3-BF4B-00C04F79EFBC}") = "08.AddPositiveIntegrs", "08.AddPositiveIntegrs\08.AddPositiveIntegrs.csproj", "{33474323-5998-483C-97B7-CD6CBB0400CD}"
EndProject
Project("{FAE04EC0-301F-11D3-BF4B-00C04F79EFBC}") = "09.FindMaximalElementInPortionOfArray", "09.FindMaximalElementInPortionOfArray\09.FindMaximalElementInPortionOfArray.csproj", "{39D56F62-2F63-4EB5-A32C-C9D17A8664BC}"
EndProject
Project("{FAE04EC0-301F-11D3-BF4B-00C04F79EFBC}") = "10.CalculateNFactorial", "10.CalculateNFactorial\10.CalculateNFactorial.csproj", "{F9901799-C7F6-46E2-91B9-EF1B378EC7F9}"
EndProject
Project("{FAE04EC0-301F-11D3-BF4B-00C04F79EFBC}") = "11.AddTwoPolinomials", "11.AddTwoPolinomials\11.AddTwoPolinomials.csproj", "{E12CB1C9-B499-4369-AFEF-FF46D9001BD8}"
EndProject
Project("{FAE04EC0-301F-11D3-BF4B-00C04F79EFBC}") = "12.SubtractAndMultiplyPolinomials", "12.SubtractAndMultiplyPolinomials\12.SubtractAndMultiplyPolinomials.csproj", "{B20B88A2-1343-4AEE-A70A-257AD1ACBC3C}"
EndProject
Project("{FAE04EC0-301F-11D3-BF4B-00C04F79EFBC}") = "13.FunWithIntegers", "13.FunWithIntegers\13.FunWithIntegers.csproj", "{9BEAFE7D-8A10-4A08-9690-F9AB6C9B164F}"
EndProject
Project("{FAE04EC0-301F-11D3-BF4B-00C04F79EFBC}") = "14.CalculateMethods", "14.CalculateMethods\14.CalculateMethods.csproj", "{9A32F5D4-721E-4E32-84F5-C6C9098CC986}"
EndProject
Project("{FAE04EC0-301F-11D3-BF4B-00C04F79EFBC}") = "15.CalculateMethodsWithGenerics", "15.CalculateMethodsWithGenerics\15.CalculateMethodsWithGenerics.csproj", "{94AC400C-2919-4242-817E-279B3AD3268B}"
EndProject
Global
	GlobalSection(SolutionConfigurationPlatforms) = preSolution
		Debug|Any CPU = Debug|Any CPU
		Release|Any CPU = Release|Any CPU
	EndGlobalSection
	GlobalSection(ProjectConfigurationPlatforms) = postSolution
		{DBCA6BB5-D1E1-4340-B976-D9CFBD2168E1}.Debug|Any CPU.ActiveCfg = Debug|Any CPU
		{DBCA6BB5-D1E1-4340-B976-D9CFBD2168E1}.Debug|Any CPU.Build.0 = Debug|Any CPU
		{DBCA6BB5-D1E1-4340-B976-D9CFBD2168E1}.Release|Any CPU.ActiveCfg = Release|Any CPU
		{DBCA6BB5-D1E1-4340-B976-D9CFBD2168E1}.Release|Any CPU.Build.0 = Release|Any CPU
		{E7E311DE-7CA9-4CFB-9455-F7488A6F38D6}.Debug|Any CPU.ActiveCfg = Debug|Any CPU
		{E7E311DE-7CA9-4CFB-9455-F7488A6F38D6}.Debug|Any CPU.Build.0 = Debug|Any CPU
		{E7E311DE-7CA9-4CFB-9455-F7488A6F38D6}.Release|Any CPU.ActiveCfg = Release|Any CPU
		{E7E311DE-7CA9-4CFB-9455-F7488A6F38D6}.Release|Any CPU.Build.0 = Release|Any CPU
		{B91E8BBE-C8ED-4018-AD8A-C957F0347560}.Debug|Any CPU.ActiveCfg = Debug|Any CPU
		{B91E8BBE-C8ED-4018-AD8A-C957F0347560}.Debug|Any CPU.Build.0 = Debug|Any CPU
		{B91E8BBE-C8ED-4018-AD8A-C957F0347560}.Release|Any CPU.ActiveCfg = Release|Any CPU
		{B91E8BBE-C8ED-4018-AD8A-C957F0347560}.Release|Any CPU.Build.0 = Release|Any CPU
		{0F746663-1F11-48CF-ABAE-818E84C6DB5A}.Debug|Any CPU.ActiveCfg = Debug|Any CPU
		{0F746663-1F11-48CF-ABAE-818E84C6DB5A}.Debug|Any CPU.Build.0 = Debug|Any CPU
		{0F746663-1F11-48CF-ABAE-818E84C6DB5A}.Release|Any CPU.ActiveCfg = Release|Any CPU
		{0F746663-1F11-48CF-ABAE-818E84C6DB5A}.Release|Any CPU.Build.0 = Release|Any CPU
		{392678F0-5DFD-49C9-B98E-AA748212AE45}.Debug|Any CPU.ActiveCfg = Debug|Any CPU
		{392678F0-5DFD-49C9-B98E-AA748212AE45}.Debug|Any CPU.Build.0 = Debug|Any CPU
		{392678F0-5DFD-49C9-B98E-AA748212AE45}.Release|Any CPU.ActiveCfg = Release|Any CPU
		{392678F0-5DFD-49C9-B98E-AA748212AE45}.Release|Any CPU.Build.0 = Release|Any CPU
		{06054917-5693-47C5-BBCD-87928F0AE3D3}.Debug|Any CPU.ActiveCfg = Debug|Any CPU
		{06054917-5693-47C5-BBCD-87928F0AE3D3}.Debug|Any CPU.Build.0 = Debug|Any CPU
		{06054917-5693-47C5-BBCD-87928F0AE3D3}.Release|Any CPU.ActiveCfg = Release|Any CPU
		{06054917-5693-47C5-BBCD-87928F0AE3D3}.Release|Any CPU.Build.0 = Release|Any CPU
		{0F083B91-F810-4950-AC68-24BD8A7F7DEF}.Debug|Any CPU.ActiveCfg = Debug|Any CPU
		{0F083B91-F810-4950-AC68-24BD8A7F7DEF}.Debug|Any CPU.Build.0 = Debug|Any CPU
		{0F083B91-F810-4950-AC68-24BD8A7F7DEF}.Release|Any CPU.ActiveCfg = Release|Any CPU
		{0F083B91-F810-4950-AC68-24BD8A7F7DEF}.Release|Any CPU.Build.0 = Release|Any CPU
		{33474323-5998-483C-97B7-CD6CBB0400CD}.Debug|Any CPU.ActiveCfg = Debug|Any CPU
		{33474323-5998-483C-97B7-CD6CBB0400CD}.Debug|Any CPU.Build.0 = Debug|Any CPU
		{33474323-5998-483C-97B7-CD6CBB0400CD}.Release|Any CPU.ActiveCfg = Release|Any CPU
		{33474323-5998-483C-97B7-CD6CBB0400CD}.Release|Any CPU.Build.0 = Release|Any CPU
		{39D56F62-2F63-4EB5-A32C-C9D17A8664BC}.Debug|Any CPU.ActiveCfg = Debug|Any CPU
		{39D56F62-2F63-4EB5-A32C-C9D17A8664BC}.Debug|Any CPU.Build.0 = Debug|Any CPU
		{39D56F62-2F63-4EB5-A32C-C9D17A8664BC}.Release|Any CPU.ActiveCfg = Release|Any CPU
		{39D56F62-2F63-4EB5-A32C-C9D17A8664BC}.Release|Any CPU.Build.0 = Release|Any CPU
		{F9901799-C7F6-46E2-91B9-EF1B378EC7F9}.Debug|Any CPU.ActiveCfg = Debug|Any CPU
		{F9901799-C7F6-46E2-91B9-EF1B378EC7F9}.Debug|Any CPU.Build.0 = Debug|Any CPU
		{F9901799-C7F6-46E2-91B9-EF1B378EC7F9}.Release|Any CPU.ActiveCfg = Release|Any CPU
		{F9901799-C7F6-46E2-91B9-EF1B378EC7F9}.Release|Any CPU.Build.0 = Release|Any CPU
		{E12CB1C9-B499-4369-AFEF-FF46D9001BD8}.Debug|Any CPU.ActiveCfg = Debug|Any CPU
		{E12CB1C9-B499-4369-AFEF-FF46D9001BD8}.Debug|Any CPU.Build.0 = Debug|Any CPU
		{E12CB1C9-B499-4369-AFEF-FF46D9001BD8}.Release|Any CPU.ActiveCfg = Release|Any CPU
		{E12CB1C9-B499-4369-AFEF-FF46D9001BD8}.Release|Any CPU.Build.0 = Release|Any CPU
		{B20B88A2-1343-4AEE-A70A-257AD1ACBC3C}.Debug|Any CPU.ActiveCfg = Debug|Any CPU
		{B20B88A2-1343-4AEE-A70A-257AD1ACBC3C}.Debug|Any CPU.Build.0 = Debug|Any CPU
		{B20B88A2-1343-4AEE-A70A-257AD1ACBC3C}.Release|Any CPU.ActiveCfg = Release|Any CPU
		{B20B88A2-1343-4AEE-A70A-257AD1ACBC3C}.Release|Any CPU.Build.0 = Release|Any CPU
		{9BEAFE7D-8A10-4A08-9690-F9AB6C9B164F}.Debug|Any CPU.ActiveCfg = Debug|Any CPU
		{9BEAFE7D-8A10-4A08-9690-F9AB6C9B164F}.Debug|Any CPU.Build.0 = Debug|Any CPU
		{9BEAFE7D-8A10-4A08-9690-F9AB6C9B164F}.Release|Any CPU.ActiveCfg = Release|Any CPU
		{9BEAFE7D-8A10-4A08-9690-F9AB6C9B164F}.Release|Any CPU.Build.0 = Release|Any CPU
		{9A32F5D4-721E-4E32-84F5-C6C9098CC986}.Debug|Any CPU.ActiveCfg = Debug|Any CPU
		{9A32F5D4-721E-4E32-84F5-C6C9098CC986}.Debug|Any CPU.Build.0 = Debug|Any CPU
		{9A32F5D4-721E-4E32-84F5-C6C9098CC986}.Release|Any CPU.ActiveCfg = Release|Any CPU
		{9A32F5D4-721E-4E32-84F5-C6C9098CC986}.Release|Any CPU.Build.0 = Release|Any CPU
		{94AC400C-2919-4242-817E-279B3AD3268B}.Debug|Any CPU.ActiveCfg = Debug|Any CPU
		{94AC400C-2919-4242-817E-279B3AD3268B}.Debug|Any CPU.Build.0 = Debug|Any CPU
		{94AC400C-2919-4242-817E-279B3AD3268B}.Release|Any CPU.ActiveCfg = Release|Any CPU
		{94AC400C-2919-4242-817E-279B3AD3268B}.Release|Any CPU.Build.0 = Release|Any CPU
	EndGlobalSection
	GlobalSection(SolutionProperties) = preSolution
		HideSolutionNode = FALSE
	EndGlobalSection
EndGlobal
