
Microsoft Visual Studio Solution File, Format Version 12.00
# Visual Studio 2012
Project("{FAE04EC0-301F-11D3-BF4B-00C04F79EFBC}") = "01.AllocateAndPopulateArray", "01.AllocateAndPopulateArray\01.AllocateAndPopulateArray.csproj", "{960E4872-8A31-4DC5-A8EE-34063AEE5114}"
EndProject
Project("{FAE04EC0-301F-11D3-BF4B-00C04F79EFBC}") = "02.Compare2Arrays", "02.Compare2Arrays\02.Compare2Arrays.csproj", "{64D274A7-ED10-4227-AD59-F4D646227C28}"
EndProject
Project("{FAE04EC0-301F-11D3-BF4B-00C04F79EFBC}") = "03.Compare2CharArraysLexicographivally", "03.Compare2CharArraysLexicographivally\03.Compare2CharArraysLexicographivally.csproj", "{01908691-01CF-48D1-9225-9481E2A17E51}"
EndProject
Project("{FAE04EC0-301F-11D3-BF4B-00C04F79EFBC}") = "04.MaximalSequenceOfEqualElements", "04.MaximalSequenceOfEqualElements\04.MaximalSequenceOfEqualElements.csproj", "{2B801344-3508-45FE-9DEB-ED03EAD00095}"
EndProject
Project("{FAE04EC0-301F-11D3-BF4B-00C04F79EFBC}") = "05.MaximalIncreasingSequence", "05.MaximalIncreasingSequence\05.MaximalIncreasingSequence.csproj", "{BC5F0B2F-F725-4D7A-B951-FBACADD4C6EE}"
EndProject
Project("{FAE04EC0-301F-11D3-BF4B-00C04F79EFBC}") = "06.MaximalSumOfArray", "06.MaximalSumOfArray\06.MaximalSumOfArray.csproj", "{DA3EB886-A36C-4949-9264-DF301C33ACEA}"
EndProject
Project("{FAE04EC0-301F-11D3-BF4B-00C04F79EFBC}") = "07.SelectionSort", "07.SelectionSort\07.SelectionSort.csproj", "{D15154AB-0983-4108-9377-77E7EC0D4B0D}"
EndProject
Project("{FAE04EC0-301F-11D3-BF4B-00C04F79EFBC}") = "08.FindSequenceWithMaximalSum", "08.FindSequenceWithMaximalSum\08.FindSequenceWithMaximalSum.csproj", "{39F4C988-4DBC-4DEE-B13C-E37E7AB3B1A4}"
EndProject
Project("{FAE04EC0-301F-11D3-BF4B-00C04F79EFBC}") = "09.MostFrequentNumber", "09.MostFrequentNumber\09.MostFrequentNumber.csproj", "{787C2529-6E27-47D0-A2D5-2B83BA7092A5}"
EndProject
Project("{FAE04EC0-301F-11D3-BF4B-00C04F79EFBC}") = "10.FindSequenceOfGivenSum", "10.FindSequenceOfGivenSum\10.FindSequenceOfGivenSum.csproj", "{3A62CC14-7779-4B26-8EF3-8A213BEE52F8}"
EndProject
Project("{FAE04EC0-301F-11D3-BF4B-00C04F79EFBC}") = "11.BinarySearch", "11.BinarySearch\11.BinarySearch.csproj", "{F0333D83-39E8-4172-BF2F-ED0D26955B40}"
EndProject
Global
	GlobalSection(SolutionConfigurationPlatforms) = preSolution
		Debug|Any CPU = Debug|Any CPU
		Release|Any CPU = Release|Any CPU
	EndGlobalSection
	GlobalSection(ProjectConfigurationPlatforms) = postSolution
		{960E4872-8A31-4DC5-A8EE-34063AEE5114}.Debug|Any CPU.ActiveCfg = Debug|Any CPU
		{960E4872-8A31-4DC5-A8EE-34063AEE5114}.Debug|Any CPU.Build.0 = Debug|Any CPU
		{960E4872-8A31-4DC5-A8EE-34063AEE5114}.Release|Any CPU.ActiveCfg = Release|Any CPU
		{960E4872-8A31-4DC5-A8EE-34063AEE5114}.Release|Any CPU.Build.0 = Release|Any CPU
		{64D274A7-ED10-4227-AD59-F4D646227C28}.Debug|Any CPU.ActiveCfg = Debug|Any CPU
		{64D274A7-ED10-4227-AD59-F4D646227C28}.Debug|Any CPU.Build.0 = Debug|Any CPU
		{64D274A7-ED10-4227-AD59-F4D646227C28}.Release|Any CPU.ActiveCfg = Release|Any CPU
		{64D274A7-ED10-4227-AD59-F4D646227C28}.Release|Any CPU.Build.0 = Release|Any CPU
		{01908691-01CF-48D1-9225-9481E2A17E51}.Debug|Any CPU.ActiveCfg = Debug|Any CPU
		{01908691-01CF-48D1-9225-9481E2A17E51}.Debug|Any CPU.Build.0 = Debug|Any CPU
		{01908691-01CF-48D1-9225-9481E2A17E51}.Release|Any CPU.ActiveCfg = Release|Any CPU
		{01908691-01CF-48D1-9225-9481E2A17E51}.Release|Any CPU.Build.0 = Release|Any CPU
		{2B801344-3508-45FE-9DEB-ED03EAD00095}.Debug|Any CPU.ActiveCfg = Debug|Any CPU
		{2B801344-3508-45FE-9DEB-ED03EAD00095}.Debug|Any CPU.Build.0 = Debug|Any CPU
		{2B801344-3508-45FE-9DEB-ED03EAD00095}.Release|Any CPU.ActiveCfg = Release|Any CPU
		{2B801344-3508-45FE-9DEB-ED03EAD00095}.Release|Any CPU.Build.0 = Release|Any CPU
		{BC5F0B2F-F725-4D7A-B951-FBACADD4C6EE}.Debug|Any CPU.ActiveCfg = Debug|Any CPU
		{BC5F0B2F-F725-4D7A-B951-FBACADD4C6EE}.Debug|Any CPU.Build.0 = Debug|Any CPU
		{BC5F0B2F-F725-4D7A-B951-FBACADD4C6EE}.Release|Any CPU.ActiveCfg = Release|Any CPU
		{BC5F0B2F-F725-4D7A-B951-FBACADD4C6EE}.Release|Any CPU.Build.0 = Release|Any CPU
		{DA3EB886-A36C-4949-9264-DF301C33ACEA}.Debug|Any CPU.ActiveCfg = Debug|Any CPU
		{DA3EB886-A36C-4949-9264-DF301C33ACEA}.Debug|Any CPU.Build.0 = Debug|Any CPU
		{DA3EB886-A36C-4949-9264-DF301C33ACEA}.Release|Any CPU.ActiveCfg = Release|Any CPU
		{DA3EB886-A36C-4949-9264-DF301C33ACEA}.Release|Any CPU.Build.0 = Release|Any CPU
		{D15154AB-0983-4108-9377-77E7EC0D4B0D}.Debug|Any CPU.ActiveCfg = Debug|Any CPU
		{D15154AB-0983-4108-9377-77E7EC0D4B0D}.Debug|Any CPU.Build.0 = Debug|Any CPU
		{D15154AB-0983-4108-9377-77E7EC0D4B0D}.Release|Any CPU.ActiveCfg = Release|Any CPU
		{D15154AB-0983-4108-9377-77E7EC0D4B0D}.Release|Any CPU.Build.0 = Release|Any CPU
		{39F4C988-4DBC-4DEE-B13C-E37E7AB3B1A4}.Debug|Any CPU.ActiveCfg = Debug|Any CPU
		{39F4C988-4DBC-4DEE-B13C-E37E7AB3B1A4}.Debug|Any CPU.Build.0 = Debug|Any CPU
		{39F4C988-4DBC-4DEE-B13C-E37E7AB3B1A4}.Release|Any CPU.ActiveCfg = Release|Any CPU
		{39F4C988-4DBC-4DEE-B13C-E37E7AB3B1A4}.Release|Any CPU.Build.0 = Release|Any CPU
		{787C2529-6E27-47D0-A2D5-2B83BA7092A5}.Debug|Any CPU.ActiveCfg = Debug|Any CPU
		{787C2529-6E27-47D0-A2D5-2B83BA7092A5}.Debug|Any CPU.Build.0 = Debug|Any CPU
		{787C2529-6E27-47D0-A2D5-2B83BA7092A5}.Release|Any CPU.ActiveCfg = Release|Any CPU
		{787C2529-6E27-47D0-A2D5-2B83BA7092A5}.Release|Any CPU.Build.0 = Release|Any CPU
		{3A62CC14-7779-4B26-8EF3-8A213BEE52F8}.Debug|Any CPU.ActiveCfg = Debug|Any CPU
		{3A62CC14-7779-4B26-8EF3-8A213BEE52F8}.Debug|Any CPU.Build.0 = Debug|Any CPU
		{3A62CC14-7779-4B26-8EF3-8A213BEE52F8}.Release|Any CPU.ActiveCfg = Release|Any CPU
		{3A62CC14-7779-4B26-8EF3-8A213BEE52F8}.Release|Any CPU.Build.0 = Release|Any CPU
		{F0333D83-39E8-4172-BF2F-ED0D26955B40}.Debug|Any CPU.ActiveCfg = Debug|Any CPU
		{F0333D83-39E8-4172-BF2F-ED0D26955B40}.Debug|Any CPU.Build.0 = Debug|Any CPU
		{F0333D83-39E8-4172-BF2F-ED0D26955B40}.Release|Any CPU.ActiveCfg = Release|Any CPU
		{F0333D83-39E8-4172-BF2F-ED0D26955B40}.Release|Any CPU.Build.0 = Release|Any CPU
	EndGlobalSection
	GlobalSection(SolutionProperties) = preSolution
		HideSolutionNode = FALSE
	EndGlobalSection
EndGlobal
