
Microsoft Visual Studio Solution File, Format Version 12.00
# Visual Studio 2012
Project("{FAE04EC0-301F-11D3-BF4B-00C04F79EFBC}") = "01.PrintNumbersFrom1ToN", "01.PrintNumbersFrom1ToN\01.PrintNumbersFrom1ToN.csproj", "{D4BE423D-A226-4579-9591-3B38B04EB30F}"
EndProject
Project("{FAE04EC0-301F-11D3-BF4B-00C04F79EFBC}") = "02.NotDivisibleTo3And7", "02.NotDivisibleTo3And7\02.NotDivisibleTo3And7.csproj", "{2A3EA5BE-68C1-4CCB-8D40-164A73A8E7FD}"
EndProject
Project("{FAE04EC0-301F-11D3-BF4B-00C04F79EFBC}") = "03.ReturnMinAndMaxNumber", "03.ReturnMinAndMaxNumber\03.ReturnMinAndMaxNumber.csproj", "{94D8AFCF-D6CE-4A32-AD6F-B919A87D15BB}"
EndProject
Project("{FAE04EC0-301F-11D3-BF4B-00C04F79EFBC}") = "04.CalculateNDevideKFactorial", "04.CalculateNDevideKFactorial\04.CalculateNDevideKFactorial.csproj", "{596A0875-A1C1-4A43-B58B-062F35285B00}"
EndProject
Project("{FAE04EC0-301F-11D3-BF4B-00C04F79EFBC}") = "05.CalculateNKFactorial", "05.CalculateNKFactorial\05.CalculateNKFactorial.csproj", "{18C9C5C4-A008-4B18-9B67-1273049CD4B4}"
EndProject
Project("{FAE04EC0-301F-11D3-BF4B-00C04F79EFBC}") = "06.CalculateSumOfNFactorialAndX", "06.CalculateSumOfNFactorialAndX\06.CalculateSumOfNFactorialAndX.csproj", "{13846652-988C-452A-9262-B32F4A254A99}"
EndProject
Project("{FAE04EC0-301F-11D3-BF4B-00C04F79EFBC}") = "07.SequenceOfFibonacci", "07.SequenceOfFibonacci\07.SequenceOfFibonacci.csproj", "{E9149CFA-E2AF-47C2-BE6F-57ED2DA05802}"
EndProject
Project("{FAE04EC0-301F-11D3-BF4B-00C04F79EFBC}") = "08.CalculateGreatestCommonDevisor", "08.CalculateGreatestCommonDevisor\08.CalculateGreatestCommonDevisor.csproj", "{925D1678-CF67-40D8-B509-B1D25008FB93}"
EndProject
Project("{FAE04EC0-301F-11D3-BF4B-00C04F79EFBC}") = "09.CalculateCatalanNumbers", "09.CalculateCatalanNumbers\09.CalculateCatalanNumbers.csproj", "{72E86298-86E8-42D0-9286-43C826CA3B6B}"
EndProject
Project("{FAE04EC0-301F-11D3-BF4B-00C04F79EFBC}") = "11.PrintCards", "11.PrintCards\11.PrintCards.csproj", "{4C7F7738-E883-478E-BB2F-22F28989EBA9}"
EndProject
Project("{FAE04EC0-301F-11D3-BF4B-00C04F79EFBC}") = "12.PrintMatrix", "12.PrintMatrix\12.PrintMatrix.csproj", "{2210C7B6-DED5-45B4-AAF6-46BEFA323C12}"
EndProject
Project("{FAE04EC0-301F-11D3-BF4B-00C04F79EFBC}") = "13.CalculateTrailingZerosOfNFactorial", "13.CalculateTrailingZerosOfNFactorial\13.CalculateTrailingZerosOfNFactorial.csproj", "{3AFEA24B-415A-4973-B03D-5C5738DF12C9}"
EndProject
Global
	GlobalSection(SolutionConfigurationPlatforms) = preSolution
		Debug|Any CPU = Debug|Any CPU
		Release|Any CPU = Release|Any CPU
	EndGlobalSection
	GlobalSection(ProjectConfigurationPlatforms) = postSolution
		{D4BE423D-A226-4579-9591-3B38B04EB30F}.Debug|Any CPU.ActiveCfg = Debug|Any CPU
		{D4BE423D-A226-4579-9591-3B38B04EB30F}.Debug|Any CPU.Build.0 = Debug|Any CPU
		{D4BE423D-A226-4579-9591-3B38B04EB30F}.Release|Any CPU.ActiveCfg = Release|Any CPU
		{D4BE423D-A226-4579-9591-3B38B04EB30F}.Release|Any CPU.Build.0 = Release|Any CPU
		{2A3EA5BE-68C1-4CCB-8D40-164A73A8E7FD}.Debug|Any CPU.ActiveCfg = Debug|Any CPU
		{2A3EA5BE-68C1-4CCB-8D40-164A73A8E7FD}.Debug|Any CPU.Build.0 = Debug|Any CPU
		{2A3EA5BE-68C1-4CCB-8D40-164A73A8E7FD}.Release|Any CPU.ActiveCfg = Release|Any CPU
		{2A3EA5BE-68C1-4CCB-8D40-164A73A8E7FD}.Release|Any CPU.Build.0 = Release|Any CPU
		{94D8AFCF-D6CE-4A32-AD6F-B919A87D15BB}.Debug|Any CPU.ActiveCfg = Debug|Any CPU
		{94D8AFCF-D6CE-4A32-AD6F-B919A87D15BB}.Debug|Any CPU.Build.0 = Debug|Any CPU
		{94D8AFCF-D6CE-4A32-AD6F-B919A87D15BB}.Release|Any CPU.ActiveCfg = Release|Any CPU
		{94D8AFCF-D6CE-4A32-AD6F-B919A87D15BB}.Release|Any CPU.Build.0 = Release|Any CPU
		{596A0875-A1C1-4A43-B58B-062F35285B00}.Debug|Any CPU.ActiveCfg = Debug|Any CPU
		{596A0875-A1C1-4A43-B58B-062F35285B00}.Debug|Any CPU.Build.0 = Debug|Any CPU
		{596A0875-A1C1-4A43-B58B-062F35285B00}.Release|Any CPU.ActiveCfg = Release|Any CPU
		{596A0875-A1C1-4A43-B58B-062F35285B00}.Release|Any CPU.Build.0 = Release|Any CPU
		{18C9C5C4-A008-4B18-9B67-1273049CD4B4}.Debug|Any CPU.ActiveCfg = Debug|Any CPU
		{18C9C5C4-A008-4B18-9B67-1273049CD4B4}.Debug|Any CPU.Build.0 = Debug|Any CPU
		{18C9C5C4-A008-4B18-9B67-1273049CD4B4}.Release|Any CPU.ActiveCfg = Release|Any CPU
		{18C9C5C4-A008-4B18-9B67-1273049CD4B4}.Release|Any CPU.Build.0 = Release|Any CPU
		{13846652-988C-452A-9262-B32F4A254A99}.Debug|Any CPU.ActiveCfg = Debug|Any CPU
		{13846652-988C-452A-9262-B32F4A254A99}.Debug|Any CPU.Build.0 = Debug|Any CPU
		{13846652-988C-452A-9262-B32F4A254A99}.Release|Any CPU.ActiveCfg = Release|Any CPU
		{13846652-988C-452A-9262-B32F4A254A99}.Release|Any CPU.Build.0 = Release|Any CPU
		{E9149CFA-E2AF-47C2-BE6F-57ED2DA05802}.Debug|Any CPU.ActiveCfg = Debug|Any CPU
		{E9149CFA-E2AF-47C2-BE6F-57ED2DA05802}.Debug|Any CPU.Build.0 = Debug|Any CPU
		{E9149CFA-E2AF-47C2-BE6F-57ED2DA05802}.Release|Any CPU.ActiveCfg = Release|Any CPU
		{E9149CFA-E2AF-47C2-BE6F-57ED2DA05802}.Release|Any CPU.Build.0 = Release|Any CPU
		{925D1678-CF67-40D8-B509-B1D25008FB93}.Debug|Any CPU.ActiveCfg = Debug|Any CPU
		{925D1678-CF67-40D8-B509-B1D25008FB93}.Debug|Any CPU.Build.0 = Debug|Any CPU
		{925D1678-CF67-40D8-B509-B1D25008FB93}.Release|Any CPU.ActiveCfg = Release|Any CPU
		{925D1678-CF67-40D8-B509-B1D25008FB93}.Release|Any CPU.Build.0 = Release|Any CPU
		{72E86298-86E8-42D0-9286-43C826CA3B6B}.Debug|Any CPU.ActiveCfg = Debug|Any CPU
		{72E86298-86E8-42D0-9286-43C826CA3B6B}.Debug|Any CPU.Build.0 = Debug|Any CPU
		{72E86298-86E8-42D0-9286-43C826CA3B6B}.Release|Any CPU.ActiveCfg = Release|Any CPU
		{72E86298-86E8-42D0-9286-43C826CA3B6B}.Release|Any CPU.Build.0 = Release|Any CPU
		{4C7F7738-E883-478E-BB2F-22F28989EBA9}.Debug|Any CPU.ActiveCfg = Debug|Any CPU
		{4C7F7738-E883-478E-BB2F-22F28989EBA9}.Debug|Any CPU.Build.0 = Debug|Any CPU
		{4C7F7738-E883-478E-BB2F-22F28989EBA9}.Release|Any CPU.ActiveCfg = Release|Any CPU
		{4C7F7738-E883-478E-BB2F-22F28989EBA9}.Release|Any CPU.Build.0 = Release|Any CPU
		{2210C7B6-DED5-45B4-AAF6-46BEFA323C12}.Debug|Any CPU.ActiveCfg = Debug|Any CPU
		{2210C7B6-DED5-45B4-AAF6-46BEFA323C12}.Debug|Any CPU.Build.0 = Debug|Any CPU
		{2210C7B6-DED5-45B4-AAF6-46BEFA323C12}.Release|Any CPU.ActiveCfg = Release|Any CPU
		{2210C7B6-DED5-45B4-AAF6-46BEFA323C12}.Release|Any CPU.Build.0 = Release|Any CPU
		{3AFEA24B-415A-4973-B03D-5C5738DF12C9}.Debug|Any CPU.ActiveCfg = Debug|Any CPU
		{3AFEA24B-415A-4973-B03D-5C5738DF12C9}.Debug|Any CPU.Build.0 = Debug|Any CPU
		{3AFEA24B-415A-4973-B03D-5C5738DF12C9}.Release|Any CPU.ActiveCfg = Release|Any CPU
		{3AFEA24B-415A-4973-B03D-5C5738DF12C9}.Release|Any CPU.Build.0 = Release|Any CPU
	EndGlobalSection
	GlobalSection(SolutionProperties) = preSolution
		HideSolutionNode = FALSE
	EndGlobalSection
EndGlobal
