
Microsoft Visual Studio Solution File, Format Version 12.00
# Visual Studio 2012
Project("{FAE04EC0-301F-11D3-BF4B-00C04F79EFBC}") = "01.PrintNumbersFrom1ToN", "01.PrintNumbersFrom1ToN\01.PrintNumbersFrom1ToN.csproj", "{D4BE423D-A226-4579-9591-3B38B04EB30F}"
EndProject
Project("{FAE04EC0-301F-11D3-BF4B-00C04F79EFBC}") = "02.NotDivisibleTo3And7", "02.NotDivisibleTo3And7\02.NotDivisibleTo3And7.csproj", "{2A3EA5BE-68C1-4CCB-8D40-164A73A8E7FD}"
EndProject
Project("{FAE04EC0-301F-11D3-BF4B-00C04F79EFBC}") = "03.ReturnMinAndMaxNumber", "03.ReturnMinAndMaxNumber\03.ReturnMinAndMaxNumber.csproj", "{94D8AFCF-D6CE-4A32-AD6F-B919A87D15BB}"
EndProject
Project("{FAE04EC0-301F-11D3-BF4B-00C04F79EFBC}") = "04.CalculateNDevideKFactorial", "04.CalculateNDevideKFactorial\04.CalculateNDevideKFactorial.csproj", "{596A0875-A1C1-4A43-B58B-062F35285B00}"
EndProject
Global
	GlobalSection(SolutionConfigurationPlatforms) = preSolution
		Debug|Any CPU = Debug|Any CPU
		Release|Any CPU = Release|Any CPU
	EndGlobalSection
	GlobalSection(ProjectConfigurationPlatforms) = postSolution
		{D4BE423D-A226-4579-9591-3B38B04EB30F}.Debug|Any CPU.ActiveCfg = Debug|Any CPU
		{D4BE423D-A226-4579-9591-3B38B04EB30F}.Debug|Any CPU.Build.0 = Debug|Any CPU
		{D4BE423D-A226-4579-9591-3B38B04EB30F}.Release|Any CPU.ActiveCfg = Release|Any CPU
		{D4BE423D-A226-4579-9591-3B38B04EB30F}.Release|Any CPU.Build.0 = Release|Any CPU
		{2A3EA5BE-68C1-4CCB-8D40-164A73A8E7FD}.Debug|Any CPU.ActiveCfg = Debug|Any CPU
		{2A3EA5BE-68C1-4CCB-8D40-164A73A8E7FD}.Debug|Any CPU.Build.0 = Debug|Any CPU
		{2A3EA5BE-68C1-4CCB-8D40-164A73A8E7FD}.Release|Any CPU.ActiveCfg = Release|Any CPU
		{2A3EA5BE-68C1-4CCB-8D40-164A73A8E7FD}.Release|Any CPU.Build.0 = Release|Any CPU
		{94D8AFCF-D6CE-4A32-AD6F-B919A87D15BB}.Debug|Any CPU.ActiveCfg = Debug|Any CPU
		{94D8AFCF-D6CE-4A32-AD6F-B919A87D15BB}.Debug|Any CPU.Build.0 = Debug|Any CPU
		{94D8AFCF-D6CE-4A32-AD6F-B919A87D15BB}.Release|Any CPU.ActiveCfg = Release|Any CPU
		{94D8AFCF-D6CE-4A32-AD6F-B919A87D15BB}.Release|Any CPU.Build.0 = Release|Any CPU
		{596A0875-A1C1-4A43-B58B-062F35285B00}.Debug|Any CPU.ActiveCfg = Debug|Any CPU
		{596A0875-A1C1-4A43-B58B-062F35285B00}.Debug|Any CPU.Build.0 = Debug|Any CPU
		{596A0875-A1C1-4A43-B58B-062F35285B00}.Release|Any CPU.ActiveCfg = Release|Any CPU
		{596A0875-A1C1-4A43-B58B-062F35285B00}.Release|Any CPU.Build.0 = Release|Any CPU
	EndGlobalSection
	GlobalSection(SolutionProperties) = preSolution
		HideSolutionNode = FALSE
	EndGlobalSection
EndGlobal
