
Microsoft Visual Studio Solution File, Format Version 12.00
# Visual Studio 2012
Project("{FAE04EC0-301F-11D3-BF4B-00C04F79EFBC}") = "01.CheckYearForLeap", "01.CheckYearForLeap\01.CheckYearForLeap.csproj", "{52268F3C-745F-4471-B404-BD3D2E71F329}"
EndProject
Project("{FAE04EC0-301F-11D3-BF4B-00C04F79EFBC}") = "02.GenerateAndPrintRandomNumbers", "02.GenerateAndPrintRandomNumbers\02.GenerateAndPrintRandomNumbers.csproj", "{3E5A8055-8E5F-4E8D-8A28-6AA1700DAC3B}"
EndProject
Project("{FAE04EC0-301F-11D3-BF4B-00C04F79EFBC}") = "03.PrintWhichDayIsToday", "03.PrintWhichDayIsToday\03.PrintWhichDayIsToday.csproj", "{A11328B4-A8BB-4556-A52E-E911EE70ED62}"
EndProject
Project("{FAE04EC0-301F-11D3-BF4B-00C04F79EFBC}") = "04.CalculateSurfaceOfTriangle", "04.CalculateSurfaceOfTriangle\04.CalculateSurfaceOfTriangle.csproj", "{106A441C-172F-4BAA-BE7B-3BE4C7DB0CE1}"
EndProject
Project("{FAE04EC0-301F-11D3-BF4B-00C04F79EFBC}") = "05.CalculateNumberOfWrokDays", "05.CalculateNumberOfWrokDays\05.CalculateNumberOfWrokDays.csproj", "{ADCA8D49-7AF5-44C3-B9B1-6BFC713AA400}"
EndProject
Global
	GlobalSection(SolutionConfigurationPlatforms) = preSolution
		Debug|Any CPU = Debug|Any CPU
		Release|Any CPU = Release|Any CPU
	EndGlobalSection
	GlobalSection(ProjectConfigurationPlatforms) = postSolution
		{52268F3C-745F-4471-B404-BD3D2E71F329}.Debug|Any CPU.ActiveCfg = Debug|Any CPU
		{52268F3C-745F-4471-B404-BD3D2E71F329}.Debug|Any CPU.Build.0 = Debug|Any CPU
		{52268F3C-745F-4471-B404-BD3D2E71F329}.Release|Any CPU.ActiveCfg = Release|Any CPU
		{52268F3C-745F-4471-B404-BD3D2E71F329}.Release|Any CPU.Build.0 = Release|Any CPU
		{3E5A8055-8E5F-4E8D-8A28-6AA1700DAC3B}.Debug|Any CPU.ActiveCfg = Debug|Any CPU
		{3E5A8055-8E5F-4E8D-8A28-6AA1700DAC3B}.Debug|Any CPU.Build.0 = Debug|Any CPU
		{3E5A8055-8E5F-4E8D-8A28-6AA1700DAC3B}.Release|Any CPU.ActiveCfg = Release|Any CPU
		{3E5A8055-8E5F-4E8D-8A28-6AA1700DAC3B}.Release|Any CPU.Build.0 = Release|Any CPU
		{A11328B4-A8BB-4556-A52E-E911EE70ED62}.Debug|Any CPU.ActiveCfg = Debug|Any CPU
		{A11328B4-A8BB-4556-A52E-E911EE70ED62}.Debug|Any CPU.Build.0 = Debug|Any CPU
		{A11328B4-A8BB-4556-A52E-E911EE70ED62}.Release|Any CPU.ActiveCfg = Release|Any CPU
		{A11328B4-A8BB-4556-A52E-E911EE70ED62}.Release|Any CPU.Build.0 = Release|Any CPU
		{106A441C-172F-4BAA-BE7B-3BE4C7DB0CE1}.Debug|Any CPU.ActiveCfg = Debug|Any CPU
		{106A441C-172F-4BAA-BE7B-3BE4C7DB0CE1}.Debug|Any CPU.Build.0 = Debug|Any CPU
		{106A441C-172F-4BAA-BE7B-3BE4C7DB0CE1}.Release|Any CPU.ActiveCfg = Release|Any CPU
		{106A441C-172F-4BAA-BE7B-3BE4C7DB0CE1}.Release|Any CPU.Build.0 = Release|Any CPU
		{ADCA8D49-7AF5-44C3-B9B1-6BFC713AA400}.Debug|Any CPU.ActiveCfg = Debug|Any CPU
		{ADCA8D49-7AF5-44C3-B9B1-6BFC713AA400}.Debug|Any CPU.Build.0 = Debug|Any CPU
		{ADCA8D49-7AF5-44C3-B9B1-6BFC713AA400}.Release|Any CPU.ActiveCfg = Release|Any CPU
		{ADCA8D49-7AF5-44C3-B9B1-6BFC713AA400}.Release|Any CPU.Build.0 = Release|Any CPU
	EndGlobalSection
	GlobalSection(SolutionProperties) = preSolution
		HideSolutionNode = FALSE
	EndGlobalSection
EndGlobal
