
Microsoft Visual Studio Solution File, Format Version 12.00
# Visual Studio 2012
Project("{FAE04EC0-301F-11D3-BF4B-00C04F79EFBC}") = "01.MostAppropriateDataTypes", "01.MostAppropriateDataTypes\01.MostAppropriateDataTypes.csproj", "{F7E2923B-1815-450E-A27B-4409282DB4C1}"
EndProject
Project("{FAE04EC0-301F-11D3-BF4B-00C04F79EFBC}") = "02.DoubleOrFloat", "02.DoubleOrFloat\02.DoubleOrFloat.csproj", "{45D52D90-B002-4D92-9681-2314916F7933}"
EndProject
Project("{FAE04EC0-301F-11D3-BF4B-00C04F79EFBC}") = "03.CompareFloatingNumbers", "03.CompareFloatingNumbers\03.CompareFloatingNumbers.csproj", "{A81DFD24-D9F4-49B0-8DED-CA8D83700F8F}"
EndProject
Project("{FAE04EC0-301F-11D3-BF4B-00C04F79EFBC}") = "04.AssignHexadecimalToInteger", "04.AssignHexadecimalToInteger\04.AssignHexadecimalToInteger.csproj", "{1978DC65-3367-4402-A5E6-98640E49036D}"
EndProject
Global
	GlobalSection(SolutionConfigurationPlatforms) = preSolution
		Debug|Any CPU = Debug|Any CPU
		Release|Any CPU = Release|Any CPU
	EndGlobalSection
	GlobalSection(ProjectConfigurationPlatforms) = postSolution
		{F7E2923B-1815-450E-A27B-4409282DB4C1}.Debug|Any CPU.ActiveCfg = Debug|Any CPU
		{F7E2923B-1815-450E-A27B-4409282DB4C1}.Debug|Any CPU.Build.0 = Debug|Any CPU
		{F7E2923B-1815-450E-A27B-4409282DB4C1}.Release|Any CPU.ActiveCfg = Release|Any CPU
		{F7E2923B-1815-450E-A27B-4409282DB4C1}.Release|Any CPU.Build.0 = Release|Any CPU
		{45D52D90-B002-4D92-9681-2314916F7933}.Debug|Any CPU.ActiveCfg = Debug|Any CPU
		{45D52D90-B002-4D92-9681-2314916F7933}.Debug|Any CPU.Build.0 = Debug|Any CPU
		{45D52D90-B002-4D92-9681-2314916F7933}.Release|Any CPU.ActiveCfg = Release|Any CPU
		{45D52D90-B002-4D92-9681-2314916F7933}.Release|Any CPU.Build.0 = Release|Any CPU
		{A81DFD24-D9F4-49B0-8DED-CA8D83700F8F}.Debug|Any CPU.ActiveCfg = Debug|Any CPU
		{A81DFD24-D9F4-49B0-8DED-CA8D83700F8F}.Debug|Any CPU.Build.0 = Debug|Any CPU
		{A81DFD24-D9F4-49B0-8DED-CA8D83700F8F}.Release|Any CPU.ActiveCfg = Release|Any CPU
		{A81DFD24-D9F4-49B0-8DED-CA8D83700F8F}.Release|Any CPU.Build.0 = Release|Any CPU
		{1978DC65-3367-4402-A5E6-98640E49036D}.Debug|Any CPU.ActiveCfg = Debug|Any CPU
		{1978DC65-3367-4402-A5E6-98640E49036D}.Debug|Any CPU.Build.0 = Debug|Any CPU
		{1978DC65-3367-4402-A5E6-98640E49036D}.Release|Any CPU.ActiveCfg = Release|Any CPU
		{1978DC65-3367-4402-A5E6-98640E49036D}.Release|Any CPU.Build.0 = Release|Any CPU
	EndGlobalSection
	GlobalSection(SolutionProperties) = preSolution
		HideSolutionNode = FALSE
	EndGlobalSection
EndGlobal
