
Microsoft Visual Studio Solution File, Format Version 12.00
# Visual Studio 2012
Project("{FAE04EC0-301F-11D3-BF4B-00C04F79EFBC}") = "01.OddOrEven", "01.OddOrEven\01.OddOrEven.csproj", "{6572B2C8-D26C-43A6-9368-0BA95A2241FC}"
EndProject
Project("{FAE04EC0-301F-11D3-BF4B-00C04F79EFBC}") = "02.CanDevideTo5And7", "02.CanDevideTo5And7\02.CanDevideTo5And7.csproj", "{B8A29FC5-5B15-47CA-A4C3-83C8CAC64ED9}"
EndProject
Project("{FAE04EC0-301F-11D3-BF4B-00C04F79EFBC}") = "03.CalculateAreaOfRectangle", "03.CalculateAreaOfRectangle\03.CalculateAreaOfRectangle.csproj", "{DD9CA510-1E81-4D67-B761-09D1F6ECC3A8}"
EndProject
Project("{FAE04EC0-301F-11D3-BF4B-00C04F79EFBC}") = "04.CheckThirdNumber", "04.CheckThirdNumber\04.CheckThirdNumber.csproj", "{33AAE960-DD01-4019-8582-A284DEA56898}"
EndProject
Project("{FAE04EC0-301F-11D3-BF4B-00C04F79EFBC}") = "05.FindThirdBit", "05.FindThirdBit\05.FindThirdBit.csproj", "{9B01CAE5-4E36-4E70-B25B-D1DBA5E2DA3E}"
EndProject
Project("{FAE04EC0-301F-11D3-BF4B-00C04F79EFBC}") = "06.CheckPointInCircle", "06.CheckPointInCircle\06.CheckPointInCircle.csproj", "{7CC9061A-77B9-4E76-96D7-500BC8A58AB7}"
EndProject
Project("{FAE04EC0-301F-11D3-BF4B-00C04F79EFBC}") = "07.CheckNumberForPrime", "07.CheckNumberForPrime\07.CheckNumberForPrime.csproj", "{D37F1A69-8015-467D-8D95-EF4DC9E253A5}"
EndProject
Global
	GlobalSection(SolutionConfigurationPlatforms) = preSolution
		Debug|Any CPU = Debug|Any CPU
		Release|Any CPU = Release|Any CPU
	EndGlobalSection
	GlobalSection(ProjectConfigurationPlatforms) = postSolution
		{6572B2C8-D26C-43A6-9368-0BA95A2241FC}.Debug|Any CPU.ActiveCfg = Debug|Any CPU
		{6572B2C8-D26C-43A6-9368-0BA95A2241FC}.Debug|Any CPU.Build.0 = Debug|Any CPU
		{6572B2C8-D26C-43A6-9368-0BA95A2241FC}.Release|Any CPU.ActiveCfg = Release|Any CPU
		{6572B2C8-D26C-43A6-9368-0BA95A2241FC}.Release|Any CPU.Build.0 = Release|Any CPU
		{B8A29FC5-5B15-47CA-A4C3-83C8CAC64ED9}.Debug|Any CPU.ActiveCfg = Debug|Any CPU
		{B8A29FC5-5B15-47CA-A4C3-83C8CAC64ED9}.Debug|Any CPU.Build.0 = Debug|Any CPU
		{B8A29FC5-5B15-47CA-A4C3-83C8CAC64ED9}.Release|Any CPU.ActiveCfg = Release|Any CPU
		{B8A29FC5-5B15-47CA-A4C3-83C8CAC64ED9}.Release|Any CPU.Build.0 = Release|Any CPU
		{DD9CA510-1E81-4D67-B761-09D1F6ECC3A8}.Debug|Any CPU.ActiveCfg = Debug|Any CPU
		{DD9CA510-1E81-4D67-B761-09D1F6ECC3A8}.Debug|Any CPU.Build.0 = Debug|Any CPU
		{DD9CA510-1E81-4D67-B761-09D1F6ECC3A8}.Release|Any CPU.ActiveCfg = Release|Any CPU
		{DD9CA510-1E81-4D67-B761-09D1F6ECC3A8}.Release|Any CPU.Build.0 = Release|Any CPU
		{33AAE960-DD01-4019-8582-A284DEA56898}.Debug|Any CPU.ActiveCfg = Debug|Any CPU
		{33AAE960-DD01-4019-8582-A284DEA56898}.Debug|Any CPU.Build.0 = Debug|Any CPU
		{33AAE960-DD01-4019-8582-A284DEA56898}.Release|Any CPU.ActiveCfg = Release|Any CPU
		{33AAE960-DD01-4019-8582-A284DEA56898}.Release|Any CPU.Build.0 = Release|Any CPU
		{9B01CAE5-4E36-4E70-B25B-D1DBA5E2DA3E}.Debug|Any CPU.ActiveCfg = Debug|Any CPU
		{9B01CAE5-4E36-4E70-B25B-D1DBA5E2DA3E}.Debug|Any CPU.Build.0 = Debug|Any CPU
		{9B01CAE5-4E36-4E70-B25B-D1DBA5E2DA3E}.Release|Any CPU.ActiveCfg = Release|Any CPU
		{9B01CAE5-4E36-4E70-B25B-D1DBA5E2DA3E}.Release|Any CPU.Build.0 = Release|Any CPU
		{7CC9061A-77B9-4E76-96D7-500BC8A58AB7}.Debug|Any CPU.ActiveCfg = Debug|Any CPU
		{7CC9061A-77B9-4E76-96D7-500BC8A58AB7}.Debug|Any CPU.Build.0 = Debug|Any CPU
		{7CC9061A-77B9-4E76-96D7-500BC8A58AB7}.Release|Any CPU.ActiveCfg = Release|Any CPU
		{7CC9061A-77B9-4E76-96D7-500BC8A58AB7}.Release|Any CPU.Build.0 = Release|Any CPU
		{D37F1A69-8015-467D-8D95-EF4DC9E253A5}.Debug|Any CPU.ActiveCfg = Debug|Any CPU
		{D37F1A69-8015-467D-8D95-EF4DC9E253A5}.Debug|Any CPU.Build.0 = Debug|Any CPU
		{D37F1A69-8015-467D-8D95-EF4DC9E253A5}.Release|Any CPU.ActiveCfg = Release|Any CPU
		{D37F1A69-8015-467D-8D95-EF4DC9E253A5}.Release|Any CPU.Build.0 = Release|Any CPU
	EndGlobalSection
	GlobalSection(SolutionProperties) = preSolution
		HideSolutionNode = FALSE
	EndGlobalSection
EndGlobal
