
Microsoft Visual Studio Solution File, Format Version 12.00
# Visual Studio 2012
Project("{FAE04EC0-301F-11D3-BF4B-00C04F79EFBC}") = "01.CalculateAndPrintSquare", "01.CalculateAndPrintSquare\01.CalculateAndPrintSquare.csproj", "{359AA853-E960-44CD-A6AC-9FD5FE2BBEEC}"
EndProject
Global
	GlobalSection(SolutionConfigurationPlatforms) = preSolution
		Debug|Any CPU = Debug|Any CPU
		Release|Any CPU = Release|Any CPU
	EndGlobalSection
	GlobalSection(ProjectConfigurationPlatforms) = postSolution
		{359AA853-E960-44CD-A6AC-9FD5FE2BBEEC}.Debug|Any CPU.ActiveCfg = Debug|Any CPU
		{359AA853-E960-44CD-A6AC-9FD5FE2BBEEC}.Debug|Any CPU.Build.0 = Debug|Any CPU
		{359AA853-E960-44CD-A6AC-9FD5FE2BBEEC}.Release|Any CPU.ActiveCfg = Release|Any CPU
		{359AA853-E960-44CD-A6AC-9FD5FE2BBEEC}.Release|Any CPU.Build.0 = Release|Any CPU
	EndGlobalSection
	GlobalSection(SolutionProperties) = preSolution
		HideSolutionNode = FALSE
	EndGlobalSection
EndGlobal
