
Microsoft Visual Studio Solution File, Format Version 12.00
# Visual Studio 2012
Project("{FAE04EC0-301F-11D3-BF4B-00C04F79EFBC}") = "01.ExchangeValueOfTwoIntegers", "01.ExchangeValueOfTwoIntegers\01.ExchangeValueOfTwoIntegers.csproj", "{3B18FE3A-5126-4A5C-967A-44A077563C86}"
EndProject
Project("{FAE04EC0-301F-11D3-BF4B-00C04F79EFBC}") = "02.ShowSignOfProduct", "02.ShowSignOfProduct\02.ShowSignOfProduct.csproj", "{3840F80A-C5E2-4FFF-87B7-0DD6E16CF863}"
EndProject
Project("{FAE04EC0-301F-11D3-BF4B-00C04F79EFBC}") = "03.FindBiggestNumber", "03.FindBiggestNumber\03.FindBiggestNumber.csproj", "{5911F09E-54FD-4BC1-B51E-05775A35A89A}"
EndProject
Project("{FAE04EC0-301F-11D3-BF4B-00C04F79EFBC}") = "04.Sort3NumbersDescending", "04.Sort3NumbersDescending\04.Sort3NumbersDescending.csproj", "{3821070F-AB3E-4884-B9C5-7B3045EBE393}"
EndProject
Global
	GlobalSection(SolutionConfigurationPlatforms) = preSolution
		Debug|Any CPU = Debug|Any CPU
		Release|Any CPU = Release|Any CPU
	EndGlobalSection
	GlobalSection(ProjectConfigurationPlatforms) = postSolution
		{3B18FE3A-5126-4A5C-967A-44A077563C86}.Debug|Any CPU.ActiveCfg = Debug|Any CPU
		{3B18FE3A-5126-4A5C-967A-44A077563C86}.Debug|Any CPU.Build.0 = Debug|Any CPU
		{3B18FE3A-5126-4A5C-967A-44A077563C86}.Release|Any CPU.ActiveCfg = Release|Any CPU
		{3B18FE3A-5126-4A5C-967A-44A077563C86}.Release|Any CPU.Build.0 = Release|Any CPU
		{3840F80A-C5E2-4FFF-87B7-0DD6E16CF863}.Debug|Any CPU.ActiveCfg = Debug|Any CPU
		{3840F80A-C5E2-4FFF-87B7-0DD6E16CF863}.Debug|Any CPU.Build.0 = Debug|Any CPU
		{3840F80A-C5E2-4FFF-87B7-0DD6E16CF863}.Release|Any CPU.ActiveCfg = Release|Any CPU
		{3840F80A-C5E2-4FFF-87B7-0DD6E16CF863}.Release|Any CPU.Build.0 = Release|Any CPU
		{5911F09E-54FD-4BC1-B51E-05775A35A89A}.Debug|Any CPU.ActiveCfg = Debug|Any CPU
		{5911F09E-54FD-4BC1-B51E-05775A35A89A}.Debug|Any CPU.Build.0 = Debug|Any CPU
		{5911F09E-54FD-4BC1-B51E-05775A35A89A}.Release|Any CPU.ActiveCfg = Release|Any CPU
		{5911F09E-54FD-4BC1-B51E-05775A35A89A}.Release|Any CPU.Build.0 = Release|Any CPU
		{3821070F-AB3E-4884-B9C5-7B3045EBE393}.Debug|Any CPU.ActiveCfg = Debug|Any CPU
		{3821070F-AB3E-4884-B9C5-7B3045EBE393}.Debug|Any CPU.Build.0 = Debug|Any CPU
		{3821070F-AB3E-4884-B9C5-7B3045EBE393}.Release|Any CPU.ActiveCfg = Release|Any CPU
		{3821070F-AB3E-4884-B9C5-7B3045EBE393}.Release|Any CPU.Build.0 = Release|Any CPU
	EndGlobalSection
	GlobalSection(SolutionProperties) = preSolution
		HideSolutionNode = FALSE
	EndGlobalSection
EndGlobal
