
Microsoft Visual Studio Solution File, Format Version 12.00
# Visual Studio 2012
Project("{FAE04EC0-301F-11D3-BF4B-00C04F79EFBC}") = "01.PrintOddLinesFromFile", "01.PrintOddLinesFromFile\01.PrintOddLinesFromFile.csproj", "{843A3A57-E092-4C63-A6E6-6CC37B28ECB7}"
EndProject
Project("{FAE04EC0-301F-11D3-BF4B-00C04F79EFBC}") = "02.ConcatenateTwoFilesInAnother", "02.ConcatenateTwoFilesInAnother\02.ConcatenateTwoFilesInAnother.csproj", "{3BAF515F-EFBD-44E3-8382-165321E328E6}"
EndProject
Project("{FAE04EC0-301F-11D3-BF4B-00C04F79EFBC}") = "03.WriteFileToOtherWithLineNumbers", "03.WriteFileToOtherWithLineNumbers\03.WriteFileToOtherWithLineNumbers.csproj", "{32B35645-5695-40AE-9FF7-8E9639AA2065}"
EndProject
Project("{FAE04EC0-301F-11D3-BF4B-00C04F79EFBC}") = "04.CompareTwoTextFiles", "04.CompareTwoTextFiles\04.CompareTwoTextFiles.csproj", "{424A9DE5-3AAE-412E-BF34-77BB88F44CC6}"
EndProject
Project("{FAE04EC0-301F-11D3-BF4B-00C04F79EFBC}") = "05.FindMaximalAreaOfMatrix", "05.FindMaximalAreaOfMatrix\05.FindMaximalAreaOfMatrix.csproj", "{7F7891C3-242C-4DF8-AD8D-B2ADEF2DE068}"
EndProject
Project("{FAE04EC0-301F-11D3-BF4B-00C04F79EFBC}") = "06.SortStrings", "06.SortStrings\06.SortStrings.csproj", "{33E17CE5-3ED3-4C02-A28B-F670BCCA2D66}"
EndProject
Project("{FAE04EC0-301F-11D3-BF4B-00C04F79EFBC}") = "07.ReplaceStartWithFinish", "07.ReplaceStartWithFinish\07.ReplaceStartWithFinish.csproj", "{110ABEE2-D6B1-4879-8A54-58240C66E963}"
EndProject
Project("{FAE04EC0-301F-11D3-BF4B-00C04F79EFBC}") = "08.ReplaceOnlyHoleWords", "08.ReplaceOnlyHoleWords\08.ReplaceOnlyHoleWords.csproj", "{52CC45D9-2FC5-4E4D-AC8A-67560CE131B5}"
EndProject
Project("{FAE04EC0-301F-11D3-BF4B-00C04F79EFBC}") = "09.DeleteOddLines", "09.DeleteOddLines\09.DeleteOddLines.csproj", "{0AC6B24C-0E92-4905-A509-E970CEF07E40}"
EndProject
Project("{FAE04EC0-301F-11D3-BF4B-00C04F79EFBC}") = "10.ExtractTextFromXml", "10.ExtractTextFromXml\10.ExtractTextFromXml.csproj", "{22EBB8A3-2BC6-4A28-9F14-C954DD4920D6}"
EndProject
Project("{FAE04EC0-301F-11D3-BF4B-00C04F79EFBC}") = "11.DeleteAllWordsWithGivenPrefix", "11.DeleteAllWordsWithGivenPrefix\11.DeleteAllWordsWithGivenPrefix.csproj", "{B267C047-63C1-473A-90F2-99EBE7E97BFA}"
EndProject
Global
	GlobalSection(SolutionConfigurationPlatforms) = preSolution
		Debug|Any CPU = Debug|Any CPU
		Release|Any CPU = Release|Any CPU
	EndGlobalSection
	GlobalSection(ProjectConfigurationPlatforms) = postSolution
		{843A3A57-E092-4C63-A6E6-6CC37B28ECB7}.Debug|Any CPU.ActiveCfg = Debug|Any CPU
		{843A3A57-E092-4C63-A6E6-6CC37B28ECB7}.Debug|Any CPU.Build.0 = Debug|Any CPU
		{843A3A57-E092-4C63-A6E6-6CC37B28ECB7}.Release|Any CPU.ActiveCfg = Release|Any CPU
		{843A3A57-E092-4C63-A6E6-6CC37B28ECB7}.Release|Any CPU.Build.0 = Release|Any CPU
		{3BAF515F-EFBD-44E3-8382-165321E328E6}.Debug|Any CPU.ActiveCfg = Debug|Any CPU
		{3BAF515F-EFBD-44E3-8382-165321E328E6}.Debug|Any CPU.Build.0 = Debug|Any CPU
		{3BAF515F-EFBD-44E3-8382-165321E328E6}.Release|Any CPU.ActiveCfg = Release|Any CPU
		{3BAF515F-EFBD-44E3-8382-165321E328E6}.Release|Any CPU.Build.0 = Release|Any CPU
		{32B35645-5695-40AE-9FF7-8E9639AA2065}.Debug|Any CPU.ActiveCfg = Debug|Any CPU
		{32B35645-5695-40AE-9FF7-8E9639AA2065}.Debug|Any CPU.Build.0 = Debug|Any CPU
		{32B35645-5695-40AE-9FF7-8E9639AA2065}.Release|Any CPU.ActiveCfg = Release|Any CPU
		{32B35645-5695-40AE-9FF7-8E9639AA2065}.Release|Any CPU.Build.0 = Release|Any CPU
		{424A9DE5-3AAE-412E-BF34-77BB88F44CC6}.Debug|Any CPU.ActiveCfg = Debug|Any CPU
		{424A9DE5-3AAE-412E-BF34-77BB88F44CC6}.Debug|Any CPU.Build.0 = Debug|Any CPU
		{424A9DE5-3AAE-412E-BF34-77BB88F44CC6}.Release|Any CPU.ActiveCfg = Release|Any CPU
		{424A9DE5-3AAE-412E-BF34-77BB88F44CC6}.Release|Any CPU.Build.0 = Release|Any CPU
		{7F7891C3-242C-4DF8-AD8D-B2ADEF2DE068}.Debug|Any CPU.ActiveCfg = Debug|Any CPU
		{7F7891C3-242C-4DF8-AD8D-B2ADEF2DE068}.Debug|Any CPU.Build.0 = Debug|Any CPU
		{7F7891C3-242C-4DF8-AD8D-B2ADEF2DE068}.Release|Any CPU.ActiveCfg = Release|Any CPU
		{7F7891C3-242C-4DF8-AD8D-B2ADEF2DE068}.Release|Any CPU.Build.0 = Release|Any CPU
		{33E17CE5-3ED3-4C02-A28B-F670BCCA2D66}.Debug|Any CPU.ActiveCfg = Debug|Any CPU
		{33E17CE5-3ED3-4C02-A28B-F670BCCA2D66}.Debug|Any CPU.Build.0 = Debug|Any CPU
		{33E17CE5-3ED3-4C02-A28B-F670BCCA2D66}.Release|Any CPU.ActiveCfg = Release|Any CPU
		{33E17CE5-3ED3-4C02-A28B-F670BCCA2D66}.Release|Any CPU.Build.0 = Release|Any CPU
		{110ABEE2-D6B1-4879-8A54-58240C66E963}.Debug|Any CPU.ActiveCfg = Debug|Any CPU
		{110ABEE2-D6B1-4879-8A54-58240C66E963}.Debug|Any CPU.Build.0 = Debug|Any CPU
		{110ABEE2-D6B1-4879-8A54-58240C66E963}.Release|Any CPU.ActiveCfg = Release|Any CPU
		{110ABEE2-D6B1-4879-8A54-58240C66E963}.Release|Any CPU.Build.0 = Release|Any CPU
		{52CC45D9-2FC5-4E4D-AC8A-67560CE131B5}.Debug|Any CPU.ActiveCfg = Debug|Any CPU
		{52CC45D9-2FC5-4E4D-AC8A-67560CE131B5}.Debug|Any CPU.Build.0 = Debug|Any CPU
		{52CC45D9-2FC5-4E4D-AC8A-67560CE131B5}.Release|Any CPU.ActiveCfg = Release|Any CPU
		{52CC45D9-2FC5-4E4D-AC8A-67560CE131B5}.Release|Any CPU.Build.0 = Release|Any CPU
		{0AC6B24C-0E92-4905-A509-E970CEF07E40}.Debug|Any CPU.ActiveCfg = Debug|Any CPU
		{0AC6B24C-0E92-4905-A509-E970CEF07E40}.Debug|Any CPU.Build.0 = Debug|Any CPU
		{0AC6B24C-0E92-4905-A509-E970CEF07E40}.Release|Any CPU.ActiveCfg = Release|Any CPU
		{0AC6B24C-0E92-4905-A509-E970CEF07E40}.Release|Any CPU.Build.0 = Release|Any CPU
		{22EBB8A3-2BC6-4A28-9F14-C954DD4920D6}.Debug|Any CPU.ActiveCfg = Debug|Any CPU
		{22EBB8A3-2BC6-4A28-9F14-C954DD4920D6}.Debug|Any CPU.Build.0 = Debug|Any CPU
		{22EBB8A3-2BC6-4A28-9F14-C954DD4920D6}.Release|Any CPU.ActiveCfg = Release|Any CPU
		{22EBB8A3-2BC6-4A28-9F14-C954DD4920D6}.Release|Any CPU.Build.0 = Release|Any CPU
		{B267C047-63C1-473A-90F2-99EBE7E97BFA}.Debug|Any CPU.ActiveCfg = Debug|Any CPU
		{B267C047-63C1-473A-90F2-99EBE7E97BFA}.Debug|Any CPU.Build.0 = Debug|Any CPU
		{B267C047-63C1-473A-90F2-99EBE7E97BFA}.Release|Any CPU.ActiveCfg = Release|Any CPU
		{B267C047-63C1-473A-90F2-99EBE7E97BFA}.Release|Any CPU.Build.0 = Release|Any CPU
	EndGlobalSection
	GlobalSection(SolutionProperties) = preSolution
		HideSolutionNode = FALSE
	EndGlobalSection
EndGlobal
