
Microsoft Visual Studio Solution File, Format Version 12.00
# Visual Studio 2012
Project("{FAE04EC0-301F-11D3-BF4B-00C04F79EFBC}") = "01.ReadAndPrintIntegers", "01.ReadAndPrintIntegers\01.ReadAndPrintIntegers.csproj", "{B7CCDD97-DC10-407A-B65A-11E2248DD7C9}"
EndProject
Project("{FAE04EC0-301F-11D3-BF4B-00C04F79EFBC}") = "02.PerimeterAndAreaOfCircle", "02.PerimeterAndAreaOfCircle\02.PerimeterAndAreaOfCircle.csproj", "{79DA58DB-DAE0-419E-8BA3-8A020913DDEE}"
EndProject
Project("{FAE04EC0-301F-11D3-BF4B-00C04F79EFBC}") = "03.ReadAndPrintCompanyInfo", "03.ReadAndPrintCompanyInfo\03.ReadAndPrintCompanyInfo.csproj", "{14941ADC-A08E-4613-A4B8-488EE845034A}"
EndProject
Project("{FAE04EC0-301F-11D3-BF4B-00C04F79EFBC}") = "04.CountOfNumberWhichDevideBy5", "04.CountOfNumberWhichDevideBy5\04.CountOfNumberWhichDevideBy5.csproj", "{CAFCF23F-14C8-406A-8871-2012C1338ED0}"
EndProject
Project("{FAE04EC0-301F-11D3-BF4B-00C04F79EFBC}") = "05.PrintGreaterNumber", "05.PrintGreaterNumber\05.PrintGreaterNumber.csproj", "{A507AEE1-D167-4FD4-91FF-11D640C15474}"
EndProject
Project("{FAE04EC0-301F-11D3-BF4B-00C04F79EFBC}") = "06.SolveQuadraticEquation", "06.SolveQuadraticEquation\06.SolveQuadraticEquation.csproj", "{B628257A-923A-41ED-8D4D-384782A0B7AB}"
EndProject
Project("{FAE04EC0-301F-11D3-BF4B-00C04F79EFBC}") = "07.CalculateNNumbers", "07.CalculateNNumbers\07.CalculateNNumbers.csproj", "{28B53024-0F8F-411F-A9CF-63C6DC9D61BA}"
EndProject
Project("{FAE04EC0-301F-11D3-BF4B-00C04F79EFBC}") = "08.ReadAndPrintNNumbers", "08.ReadAndPrintNNumbers\08.ReadAndPrintNNumbers.csproj", "{EB3E8656-75D3-434E-A810-9363BCDD09E6}"
EndProject
Project("{FAE04EC0-301F-11D3-BF4B-00C04F79EFBC}") = "09.Fibonacci", "09.Fibonacci\09.Fibonacci.csproj", "{983B3DDF-2C08-4C97-A5DC-58074D905093}"
EndProject
Project("{FAE04EC0-301F-11D3-BF4B-00C04F79EFBC}") = "CalculateSum", "CalculateSum\CalculateSum.csproj", "{A1545762-A24F-4741-8430-53007487D1B5}"
EndProject
Global
	GlobalSection(SolutionConfigurationPlatforms) = preSolution
		Debug|Any CPU = Debug|Any CPU
		Release|Any CPU = Release|Any CPU
	EndGlobalSection
	GlobalSection(ProjectConfigurationPlatforms) = postSolution
		{B7CCDD97-DC10-407A-B65A-11E2248DD7C9}.Debug|Any CPU.ActiveCfg = Debug|Any CPU
		{B7CCDD97-DC10-407A-B65A-11E2248DD7C9}.Debug|Any CPU.Build.0 = Debug|Any CPU
		{B7CCDD97-DC10-407A-B65A-11E2248DD7C9}.Release|Any CPU.ActiveCfg = Release|Any CPU
		{B7CCDD97-DC10-407A-B65A-11E2248DD7C9}.Release|Any CPU.Build.0 = Release|Any CPU
		{79DA58DB-DAE0-419E-8BA3-8A020913DDEE}.Debug|Any CPU.ActiveCfg = Debug|Any CPU
		{79DA58DB-DAE0-419E-8BA3-8A020913DDEE}.Debug|Any CPU.Build.0 = Debug|Any CPU
		{79DA58DB-DAE0-419E-8BA3-8A020913DDEE}.Release|Any CPU.ActiveCfg = Release|Any CPU
		{79DA58DB-DAE0-419E-8BA3-8A020913DDEE}.Release|Any CPU.Build.0 = Release|Any CPU
		{14941ADC-A08E-4613-A4B8-488EE845034A}.Debug|Any CPU.ActiveCfg = Debug|Any CPU
		{14941ADC-A08E-4613-A4B8-488EE845034A}.Debug|Any CPU.Build.0 = Debug|Any CPU
		{14941ADC-A08E-4613-A4B8-488EE845034A}.Release|Any CPU.ActiveCfg = Release|Any CPU
		{14941ADC-A08E-4613-A4B8-488EE845034A}.Release|Any CPU.Build.0 = Release|Any CPU
		{CAFCF23F-14C8-406A-8871-2012C1338ED0}.Debug|Any CPU.ActiveCfg = Debug|Any CPU
		{CAFCF23F-14C8-406A-8871-2012C1338ED0}.Debug|Any CPU.Build.0 = Debug|Any CPU
		{CAFCF23F-14C8-406A-8871-2012C1338ED0}.Release|Any CPU.ActiveCfg = Release|Any CPU
		{CAFCF23F-14C8-406A-8871-2012C1338ED0}.Release|Any CPU.Build.0 = Release|Any CPU
		{A507AEE1-D167-4FD4-91FF-11D640C15474}.Debug|Any CPU.ActiveCfg = Debug|Any CPU
		{A507AEE1-D167-4FD4-91FF-11D640C15474}.Debug|Any CPU.Build.0 = Debug|Any CPU
		{A507AEE1-D167-4FD4-91FF-11D640C15474}.Release|Any CPU.ActiveCfg = Release|Any CPU
		{A507AEE1-D167-4FD4-91FF-11D640C15474}.Release|Any CPU.Build.0 = Release|Any CPU
		{B628257A-923A-41ED-8D4D-384782A0B7AB}.Debug|Any CPU.ActiveCfg = Debug|Any CPU
		{B628257A-923A-41ED-8D4D-384782A0B7AB}.Debug|Any CPU.Build.0 = Debug|Any CPU
		{B628257A-923A-41ED-8D4D-384782A0B7AB}.Release|Any CPU.ActiveCfg = Release|Any CPU
		{B628257A-923A-41ED-8D4D-384782A0B7AB}.Release|Any CPU.Build.0 = Release|Any CPU
		{28B53024-0F8F-411F-A9CF-63C6DC9D61BA}.Debug|Any CPU.ActiveCfg = Debug|Any CPU
		{28B53024-0F8F-411F-A9CF-63C6DC9D61BA}.Debug|Any CPU.Build.0 = Debug|Any CPU
		{28B53024-0F8F-411F-A9CF-63C6DC9D61BA}.Release|Any CPU.ActiveCfg = Release|Any CPU
		{28B53024-0F8F-411F-A9CF-63C6DC9D61BA}.Release|Any CPU.Build.0 = Release|Any CPU
		{EB3E8656-75D3-434E-A810-9363BCDD09E6}.Debug|Any CPU.ActiveCfg = Debug|Any CPU
		{EB3E8656-75D3-434E-A810-9363BCDD09E6}.Debug|Any CPU.Build.0 = Debug|Any CPU
		{EB3E8656-75D3-434E-A810-9363BCDD09E6}.Release|Any CPU.ActiveCfg = Release|Any CPU
		{EB3E8656-75D3-434E-A810-9363BCDD09E6}.Release|Any CPU.Build.0 = Release|Any CPU
		{983B3DDF-2C08-4C97-A5DC-58074D905093}.Debug|Any CPU.ActiveCfg = Debug|Any CPU
		{983B3DDF-2C08-4C97-A5DC-58074D905093}.Debug|Any CPU.Build.0 = Debug|Any CPU
		{983B3DDF-2C08-4C97-A5DC-58074D905093}.Release|Any CPU.ActiveCfg = Release|Any CPU
		{983B3DDF-2C08-4C97-A5DC-58074D905093}.Release|Any CPU.Build.0 = Release|Any CPU
		{A1545762-A24F-4741-8430-53007487D1B5}.Debug|Any CPU.ActiveCfg = Debug|Any CPU
		{A1545762-A24F-4741-8430-53007487D1B5}.Debug|Any CPU.Build.0 = Debug|Any CPU
		{A1545762-A24F-4741-8430-53007487D1B5}.Release|Any CPU.ActiveCfg = Release|Any CPU
		{A1545762-A24F-4741-8430-53007487D1B5}.Release|Any CPU.Build.0 = Release|Any CPU
	EndGlobalSection
	GlobalSection(SolutionProperties) = preSolution
		HideSolutionNode = FALSE
	EndGlobalSection
EndGlobal
