
Microsoft Visual Studio Solution File, Format Version 12.00
# Visual Studio 2012
Project("{FAE04EC0-301F-11D3-BF4B-00C04F79EFBC}") = "HelloWorld", "HelloWorld\HelloWorld.csproj", "{96672741-5703-4AEA-9B59-C37ACD1DEE70}"
EndProject
Project("{FAE04EC0-301F-11D3-BF4B-00C04F79EFBC}") = "GreetMe", "GreetMe\GreetMe.csproj", "{6C32CB20-F21F-4191-8CF5-012FF47EA996}"
EndProject
Project("{FAE04EC0-301F-11D3-BF4B-00C04F79EFBC}") = "PrintSomeNumbers", "PrintSomeNumbers\PrintSomeNumbers.csproj", "{FE6D7182-2AA1-4958-AE7F-E2E98779DE84}"
EndProject
Project("{FAE04EC0-301F-11D3-BF4B-00C04F79EFBC}") = "PrintMyFullName", "PrintMyFullName\PrintMyFullName.csproj", "{6079769D-A9E4-477D-9E3D-5DBBD5B03107}"
EndProject
Project("{FAE04EC0-301F-11D3-BF4B-00C04F79EFBC}") = "PrintCurrentDateAndTime", "PrintCurrentDateAndTime\PrintCurrentDateAndTime.csproj", "{A2A6046E-9D80-4DDF-BEA1-AB84619A5B90}"
EndProject
Project("{FAE04EC0-301F-11D3-BF4B-00C04F79EFBC}") = "SquareOf12345", "SquareOf12345\SquareOf12345.csproj", "{D8C86C9A-293F-4474-9CF3-20C43FDD900E}"
EndProject
Project("{FAE04EC0-301F-11D3-BF4B-00C04F79EFBC}") = "PrintFirst10Numbers", "PrintFirst10Numbers\PrintFirst10Numbers.csproj", "{9260239B-D1DE-4667-BFAA-97CBDAD490D9}"
EndProject
Project("{FAE04EC0-301F-11D3-BF4B-00C04F79EFBC}") = "PrintAgeAfter10Years", "PrintAgeAfter10Years\PrintAgeAfter10Years.csproj", "{7D56E03C-1F5E-4981-8FB9-DDEF5CC1ED0C}"
EndProject
Global
	GlobalSection(SolutionConfigurationPlatforms) = preSolution
		Debug|Any CPU = Debug|Any CPU
		Release|Any CPU = Release|Any CPU
	EndGlobalSection
	GlobalSection(ProjectConfigurationPlatforms) = postSolution
		{96672741-5703-4AEA-9B59-C37ACD1DEE70}.Debug|Any CPU.ActiveCfg = Debug|Any CPU
		{96672741-5703-4AEA-9B59-C37ACD1DEE70}.Debug|Any CPU.Build.0 = Debug|Any CPU
		{96672741-5703-4AEA-9B59-C37ACD1DEE70}.Release|Any CPU.ActiveCfg = Release|Any CPU
		{96672741-5703-4AEA-9B59-C37ACD1DEE70}.Release|Any CPU.Build.0 = Release|Any CPU
		{6C32CB20-F21F-4191-8CF5-012FF47EA996}.Debug|Any CPU.ActiveCfg = Debug|Any CPU
		{6C32CB20-F21F-4191-8CF5-012FF47EA996}.Debug|Any CPU.Build.0 = Debug|Any CPU
		{6C32CB20-F21F-4191-8CF5-012FF47EA996}.Release|Any CPU.ActiveCfg = Release|Any CPU
		{6C32CB20-F21F-4191-8CF5-012FF47EA996}.Release|Any CPU.Build.0 = Release|Any CPU
		{FE6D7182-2AA1-4958-AE7F-E2E98779DE84}.Debug|Any CPU.ActiveCfg = Debug|Any CPU
		{FE6D7182-2AA1-4958-AE7F-E2E98779DE84}.Debug|Any CPU.Build.0 = Debug|Any CPU
		{FE6D7182-2AA1-4958-AE7F-E2E98779DE84}.Release|Any CPU.ActiveCfg = Release|Any CPU
		{FE6D7182-2AA1-4958-AE7F-E2E98779DE84}.Release|Any CPU.Build.0 = Release|Any CPU
		{6079769D-A9E4-477D-9E3D-5DBBD5B03107}.Debug|Any CPU.ActiveCfg = Debug|Any CPU
		{6079769D-A9E4-477D-9E3D-5DBBD5B03107}.Debug|Any CPU.Build.0 = Debug|Any CPU
		{6079769D-A9E4-477D-9E3D-5DBBD5B03107}.Release|Any CPU.ActiveCfg = Release|Any CPU
		{6079769D-A9E4-477D-9E3D-5DBBD5B03107}.Release|Any CPU.Build.0 = Release|Any CPU
		{A2A6046E-9D80-4DDF-BEA1-AB84619A5B90}.Debug|Any CPU.ActiveCfg = Debug|Any CPU
		{A2A6046E-9D80-4DDF-BEA1-AB84619A5B90}.Debug|Any CPU.Build.0 = Debug|Any CPU
		{A2A6046E-9D80-4DDF-BEA1-AB84619A5B90}.Release|Any CPU.ActiveCfg = Release|Any CPU
		{A2A6046E-9D80-4DDF-BEA1-AB84619A5B90}.Release|Any CPU.Build.0 = Release|Any CPU
		{D8C86C9A-293F-4474-9CF3-20C43FDD900E}.Debug|Any CPU.ActiveCfg = Debug|Any CPU
		{D8C86C9A-293F-4474-9CF3-20C43FDD900E}.Debug|Any CPU.Build.0 = Debug|Any CPU
		{D8C86C9A-293F-4474-9CF3-20C43FDD900E}.Release|Any CPU.ActiveCfg = Release|Any CPU
		{D8C86C9A-293F-4474-9CF3-20C43FDD900E}.Release|Any CPU.Build.0 = Release|Any CPU
		{9260239B-D1DE-4667-BFAA-97CBDAD490D9}.Debug|Any CPU.ActiveCfg = Debug|Any CPU
		{9260239B-D1DE-4667-BFAA-97CBDAD490D9}.Debug|Any CPU.Build.0 = Debug|Any CPU
		{9260239B-D1DE-4667-BFAA-97CBDAD490D9}.Release|Any CPU.ActiveCfg = Release|Any CPU
		{9260239B-D1DE-4667-BFAA-97CBDAD490D9}.Release|Any CPU.Build.0 = Release|Any CPU
		{7D56E03C-1F5E-4981-8FB9-DDEF5CC1ED0C}.Debug|Any CPU.ActiveCfg = Debug|Any CPU
		{7D56E03C-1F5E-4981-8FB9-DDEF5CC1ED0C}.Debug|Any CPU.Build.0 = Debug|Any CPU
		{7D56E03C-1F5E-4981-8FB9-DDEF5CC1ED0C}.Release|Any CPU.ActiveCfg = Release|Any CPU
		{7D56E03C-1F5E-4981-8FB9-DDEF5CC1ED0C}.Release|Any CPU.Build.0 = Release|Any CPU
	EndGlobalSection
	GlobalSection(SolutionProperties) = preSolution
		HideSolutionNode = FALSE
	EndGlobalSection
EndGlobal
