
Microsoft Visual Studio Solution File, Format Version 12.00
# Visual Studio 2012
Project("{FAE04EC0-301F-11D3-BF4B-00C04F79EFBC}") = "01.ReverseString", "01.ReverseString\01.ReverseString.csproj", "{F831C82C-6A0F-45BE-BDD0-1703E875F934}"
EndProject
Project("{FAE04EC0-301F-11D3-BF4B-00C04F79EFBC}") = "02.CheckExpressionForCorrectlyBrackets", "02.CheckExpressionForCorrectlyBrackets\02.CheckExpressionForCorrectlyBrackets.csproj", "{E3ABBE54-F89F-44B5-9953-8BC411D419C2}"
EndProject
Project("{FAE04EC0-301F-11D3-BF4B-00C04F79EFBC}") = "03.SubstringCounter", "03.SubstringCounter\03.SubstringCounter.csproj", "{BA55B0C7-AE86-4603-AC81-C04CCFC15878}"
EndProject
Project("{FAE04EC0-301F-11D3-BF4B-00C04F79EFBC}") = "04.Upcase", "04.Upcase\04.Upcase.csproj", "{7610181E-2823-46A1-A83C-E76AEE0E12AA}"
EndProject
Project("{FAE04EC0-301F-11D3-BF4B-00C04F79EFBC}") = "05.ReadString", "05.ReadString\05.ReadString.csproj", "{ABC275C2-6DAB-4B6C-AA22-65EFBCE7E7D7}"
EndProject
Project("{FAE04EC0-301F-11D3-BF4B-00C04F79EFBC}") = "06.EncodeDecodeStrings", "06.EncodeDecodeStrings\06.EncodeDecodeStrings.csproj", "{2E4CEF40-C0FE-42A0-9B53-C7BF160E9FA7}"
EndProject
Project("{FAE04EC0-301F-11D3-BF4B-00C04F79EFBC}") = "07.ExtractSentenceWithGivenWord", "07.ExtractSentenceWithGivenWord\07.ExtractSentenceWithGivenWord.csproj", "{B5600411-3A24-4625-B268-6DB8B97F5AC7}"
EndProject
Project("{FAE04EC0-301F-11D3-BF4B-00C04F79EFBC}") = "08.ReplaceForbiddenWords", "08.ReplaceForbiddenWords\08.ReplaceForbiddenWords.csproj", "{FF81B0BB-AD17-41E1-AF48-4DD0F43C10C3}"
EndProject
Project("{FAE04EC0-301F-11D3-BF4B-00C04F79EFBC}") = "09.ConvertStringToUnicodeChars", "09.ConvertStringToUnicodeChars\09.ConvertStringToUnicodeChars.csproj", "{2D9B230C-3C82-4CE2-83BE-B03A6309CCA3}"
EndProject
Project("{FAE04EC0-301F-11D3-BF4B-00C04F79EFBC}") = "10.ReadAndPrintNumbers", "10.ReadAndPrintNumbers\10.ReadAndPrintNumbers.csproj", "{A1DFC3F0-BDFC-404F-980F-03347CE0AF6C}"
EndProject
Project("{FAE04EC0-301F-11D3-BF4B-00C04F79EFBC}") = "11.ParseUrl", "11.ParseUrl\11.ParseUrl.csproj", "{ED177125-97F3-4CE0-A905-333961E6B11F}"
EndProject
Project("{FAE04EC0-301F-11D3-BF4B-00C04F79EFBC}") = "12.ReverseWordsInSentence", "12.ReverseWordsInSentence\12.ReverseWordsInSentence.csproj", "{59808350-F2D6-4882-9D34-1F0E5DD57B03}"
EndProject
Project("{FAE04EC0-301F-11D3-BF4B-00C04F79EFBC}") = "13.SimpleDictionary", "13.SimpleDictionary\13.SimpleDictionary.csproj", "{9F540A18-38EB-412F-A9AD-C163C135AE72}"
EndProject
Project("{FAE04EC0-301F-11D3-BF4B-00C04F79EFBC}") = "14.ReplaceATagWithUrl", "14.ReplaceATagWithUrl\14.ReplaceATagWithUrl.csproj", "{29F93750-8AE2-4E91-9CDB-9FB4910178A3}"
EndProject
Global
	GlobalSection(SolutionConfigurationPlatforms) = preSolution
		Debug|Any CPU = Debug|Any CPU
		Release|Any CPU = Release|Any CPU
	EndGlobalSection
	GlobalSection(ProjectConfigurationPlatforms) = postSolution
		{F831C82C-6A0F-45BE-BDD0-1703E875F934}.Debug|Any CPU.ActiveCfg = Debug|Any CPU
		{F831C82C-6A0F-45BE-BDD0-1703E875F934}.Debug|Any CPU.Build.0 = Debug|Any CPU
		{F831C82C-6A0F-45BE-BDD0-1703E875F934}.Release|Any CPU.ActiveCfg = Release|Any CPU
		{F831C82C-6A0F-45BE-BDD0-1703E875F934}.Release|Any CPU.Build.0 = Release|Any CPU
		{E3ABBE54-F89F-44B5-9953-8BC411D419C2}.Debug|Any CPU.ActiveCfg = Debug|Any CPU
		{E3ABBE54-F89F-44B5-9953-8BC411D419C2}.Debug|Any CPU.Build.0 = Debug|Any CPU
		{E3ABBE54-F89F-44B5-9953-8BC411D419C2}.Release|Any CPU.ActiveCfg = Release|Any CPU
		{E3ABBE54-F89F-44B5-9953-8BC411D419C2}.Release|Any CPU.Build.0 = Release|Any CPU
		{BA55B0C7-AE86-4603-AC81-C04CCFC15878}.Debug|Any CPU.ActiveCfg = Debug|Any CPU
		{BA55B0C7-AE86-4603-AC81-C04CCFC15878}.Debug|Any CPU.Build.0 = Debug|Any CPU
		{BA55B0C7-AE86-4603-AC81-C04CCFC15878}.Release|Any CPU.ActiveCfg = Release|Any CPU
		{BA55B0C7-AE86-4603-AC81-C04CCFC15878}.Release|Any CPU.Build.0 = Release|Any CPU
		{7610181E-2823-46A1-A83C-E76AEE0E12AA}.Debug|Any CPU.ActiveCfg = Debug|Any CPU
		{7610181E-2823-46A1-A83C-E76AEE0E12AA}.Debug|Any CPU.Build.0 = Debug|Any CPU
		{7610181E-2823-46A1-A83C-E76AEE0E12AA}.Release|Any CPU.ActiveCfg = Release|Any CPU
		{7610181E-2823-46A1-A83C-E76AEE0E12AA}.Release|Any CPU.Build.0 = Release|Any CPU
		{ABC275C2-6DAB-4B6C-AA22-65EFBCE7E7D7}.Debug|Any CPU.ActiveCfg = Debug|Any CPU
		{ABC275C2-6DAB-4B6C-AA22-65EFBCE7E7D7}.Debug|Any CPU.Build.0 = Debug|Any CPU
		{ABC275C2-6DAB-4B6C-AA22-65EFBCE7E7D7}.Release|Any CPU.ActiveCfg = Release|Any CPU
		{ABC275C2-6DAB-4B6C-AA22-65EFBCE7E7D7}.Release|Any CPU.Build.0 = Release|Any CPU
		{2E4CEF40-C0FE-42A0-9B53-C7BF160E9FA7}.Debug|Any CPU.ActiveCfg = Debug|Any CPU
		{2E4CEF40-C0FE-42A0-9B53-C7BF160E9FA7}.Debug|Any CPU.Build.0 = Debug|Any CPU
		{2E4CEF40-C0FE-42A0-9B53-C7BF160E9FA7}.Release|Any CPU.ActiveCfg = Release|Any CPU
		{2E4CEF40-C0FE-42A0-9B53-C7BF160E9FA7}.Release|Any CPU.Build.0 = Release|Any CPU
		{B5600411-3A24-4625-B268-6DB8B97F5AC7}.Debug|Any CPU.ActiveCfg = Debug|Any CPU
		{B5600411-3A24-4625-B268-6DB8B97F5AC7}.Debug|Any CPU.Build.0 = Debug|Any CPU
		{B5600411-3A24-4625-B268-6DB8B97F5AC7}.Release|Any CPU.ActiveCfg = Release|Any CPU
		{B5600411-3A24-4625-B268-6DB8B97F5AC7}.Release|Any CPU.Build.0 = Release|Any CPU
		{FF81B0BB-AD17-41E1-AF48-4DD0F43C10C3}.Debug|Any CPU.ActiveCfg = Debug|Any CPU
		{FF81B0BB-AD17-41E1-AF48-4DD0F43C10C3}.Debug|Any CPU.Build.0 = Debug|Any CPU
		{FF81B0BB-AD17-41E1-AF48-4DD0F43C10C3}.Release|Any CPU.ActiveCfg = Release|Any CPU
		{FF81B0BB-AD17-41E1-AF48-4DD0F43C10C3}.Release|Any CPU.Build.0 = Release|Any CPU
		{2D9B230C-3C82-4CE2-83BE-B03A6309CCA3}.Debug|Any CPU.ActiveCfg = Debug|Any CPU
		{2D9B230C-3C82-4CE2-83BE-B03A6309CCA3}.Debug|Any CPU.Build.0 = Debug|Any CPU
		{2D9B230C-3C82-4CE2-83BE-B03A6309CCA3}.Release|Any CPU.ActiveCfg = Release|Any CPU
		{2D9B230C-3C82-4CE2-83BE-B03A6309CCA3}.Release|Any CPU.Build.0 = Release|Any CPU
		{A1DFC3F0-BDFC-404F-980F-03347CE0AF6C}.Debug|Any CPU.ActiveCfg = Debug|Any CPU
		{A1DFC3F0-BDFC-404F-980F-03347CE0AF6C}.Debug|Any CPU.Build.0 = Debug|Any CPU
		{A1DFC3F0-BDFC-404F-980F-03347CE0AF6C}.Release|Any CPU.ActiveCfg = Release|Any CPU
		{A1DFC3F0-BDFC-404F-980F-03347CE0AF6C}.Release|Any CPU.Build.0 = Release|Any CPU
		{ED177125-97F3-4CE0-A905-333961E6B11F}.Debug|Any CPU.ActiveCfg = Debug|Any CPU
		{ED177125-97F3-4CE0-A905-333961E6B11F}.Debug|Any CPU.Build.0 = Debug|Any CPU
		{ED177125-97F3-4CE0-A905-333961E6B11F}.Release|Any CPU.ActiveCfg = Release|Any CPU
		{ED177125-97F3-4CE0-A905-333961E6B11F}.Release|Any CPU.Build.0 = Release|Any CPU
		{59808350-F2D6-4882-9D34-1F0E5DD57B03}.Debug|Any CPU.ActiveCfg = Debug|Any CPU
		{59808350-F2D6-4882-9D34-1F0E5DD57B03}.Debug|Any CPU.Build.0 = Debug|Any CPU
		{59808350-F2D6-4882-9D34-1F0E5DD57B03}.Release|Any CPU.ActiveCfg = Release|Any CPU
		{59808350-F2D6-4882-9D34-1F0E5DD57B03}.Release|Any CPU.Build.0 = Release|Any CPU
		{9F540A18-38EB-412F-A9AD-C163C135AE72}.Debug|Any CPU.ActiveCfg = Debug|Any CPU
		{9F540A18-38EB-412F-A9AD-C163C135AE72}.Debug|Any CPU.Build.0 = Debug|Any CPU
		{9F540A18-38EB-412F-A9AD-C163C135AE72}.Release|Any CPU.ActiveCfg = Release|Any CPU
		{9F540A18-38EB-412F-A9AD-C163C135AE72}.Release|Any CPU.Build.0 = Release|Any CPU
		{29F93750-8AE2-4E91-9CDB-9FB4910178A3}.Debug|Any CPU.ActiveCfg = Debug|Any CPU
		{29F93750-8AE2-4E91-9CDB-9FB4910178A3}.Debug|Any CPU.Build.0 = Debug|Any CPU
		{29F93750-8AE2-4E91-9CDB-9FB4910178A3}.Release|Any CPU.ActiveCfg = Release|Any CPU
		{29F93750-8AE2-4E91-9CDB-9FB4910178A3}.Release|Any CPU.Build.0 = Release|Any CPU
	EndGlobalSection
	GlobalSection(SolutionProperties) = preSolution
		HideSolutionNode = FALSE
	EndGlobalSection
EndGlobal
