
Microsoft Visual Studio Solution File, Format Version 12.00
# Visual Studio 2012
Project("{FAE04EC0-301F-11D3-BF4B-00C04F79EFBC}") = "01.ReverseString", "01.ReverseString\01.ReverseString.csproj", "{F831C82C-6A0F-45BE-BDD0-1703E875F934}"
EndProject
Project("{FAE04EC0-301F-11D3-BF4B-00C04F79EFBC}") = "02.CheckExpressionForCorrectlyBrackets", "02.CheckExpressionForCorrectlyBrackets\02.CheckExpressionForCorrectlyBrackets.csproj", "{E3ABBE54-F89F-44B5-9953-8BC411D419C2}"
EndProject
Project("{FAE04EC0-301F-11D3-BF4B-00C04F79EFBC}") = "03.SubstringCounter", "03.SubstringCounter\03.SubstringCounter.csproj", "{BA55B0C7-AE86-4603-AC81-C04CCFC15878}"
EndProject
Project("{FAE04EC0-301F-11D3-BF4B-00C04F79EFBC}") = "04.Upcase", "04.Upcase\04.Upcase.csproj", "{7610181E-2823-46A1-A83C-E76AEE0E12AA}"
EndProject
Project("{FAE04EC0-301F-11D3-BF4B-00C04F79EFBC}") = "05.ReadString", "05.ReadString\05.ReadString.csproj", "{ABC275C2-6DAB-4B6C-AA22-65EFBCE7E7D7}"
EndProject
Global
	GlobalSection(SolutionConfigurationPlatforms) = preSolution
		Debug|Any CPU = Debug|Any CPU
		Release|Any CPU = Release|Any CPU
	EndGlobalSection
	GlobalSection(ProjectConfigurationPlatforms) = postSolution
		{F831C82C-6A0F-45BE-BDD0-1703E875F934}.Debug|Any CPU.ActiveCfg = Debug|Any CPU
		{F831C82C-6A0F-45BE-BDD0-1703E875F934}.Debug|Any CPU.Build.0 = Debug|Any CPU
		{F831C82C-6A0F-45BE-BDD0-1703E875F934}.Release|Any CPU.ActiveCfg = Release|Any CPU
		{F831C82C-6A0F-45BE-BDD0-1703E875F934}.Release|Any CPU.Build.0 = Release|Any CPU
		{E3ABBE54-F89F-44B5-9953-8BC411D419C2}.Debug|Any CPU.ActiveCfg = Debug|Any CPU
		{E3ABBE54-F89F-44B5-9953-8BC411D419C2}.Debug|Any CPU.Build.0 = Debug|Any CPU
		{E3ABBE54-F89F-44B5-9953-8BC411D419C2}.Release|Any CPU.ActiveCfg = Release|Any CPU
		{E3ABBE54-F89F-44B5-9953-8BC411D419C2}.Release|Any CPU.Build.0 = Release|Any CPU
		{BA55B0C7-AE86-4603-AC81-C04CCFC15878}.Debug|Any CPU.ActiveCfg = Debug|Any CPU
		{BA55B0C7-AE86-4603-AC81-C04CCFC15878}.Debug|Any CPU.Build.0 = Debug|Any CPU
		{BA55B0C7-AE86-4603-AC81-C04CCFC15878}.Release|Any CPU.ActiveCfg = Release|Any CPU
		{BA55B0C7-AE86-4603-AC81-C04CCFC15878}.Release|Any CPU.Build.0 = Release|Any CPU
		{7610181E-2823-46A1-A83C-E76AEE0E12AA}.Debug|Any CPU.ActiveCfg = Debug|Any CPU
		{7610181E-2823-46A1-A83C-E76AEE0E12AA}.Debug|Any CPU.Build.0 = Debug|Any CPU
		{7610181E-2823-46A1-A83C-E76AEE0E12AA}.Release|Any CPU.ActiveCfg = Release|Any CPU
		{7610181E-2823-46A1-A83C-E76AEE0E12AA}.Release|Any CPU.Build.0 = Release|Any CPU
		{ABC275C2-6DAB-4B6C-AA22-65EFBCE7E7D7}.Debug|Any CPU.ActiveCfg = Debug|Any CPU
		{ABC275C2-6DAB-4B6C-AA22-65EFBCE7E7D7}.Debug|Any CPU.Build.0 = Debug|Any CPU
		{ABC275C2-6DAB-4B6C-AA22-65EFBCE7E7D7}.Release|Any CPU.ActiveCfg = Release|Any CPU
		{ABC275C2-6DAB-4B6C-AA22-65EFBCE7E7D7}.Release|Any CPU.Build.0 = Release|Any CPU
	EndGlobalSection
	GlobalSection(SolutionProperties) = preSolution
		HideSolutionNode = FALSE
	EndGlobalSection
EndGlobal
